
Microsoft Visual Studio Solution File, Format Version 12.00
# Visual Studio 2013
VisualStudioVersion = 12.0.31101.0
MinimumVisualStudioVersion = 10.0.40219.1
Project("{2150E333-8FDC-42A3-9474-1A3956D46DE8}") = "NewFolder1", "NewFolder1", "{907447AC-43CE-4558-BAEC-9B6396A6B542}"
EndProject
Project("{2150E333-8FDC-42A3-9474-1A3956D46DE8}") = "Solution Items", "Solution Items", "{5D39FE98-3500-497F-9B52-7C3D3C52E03D}"
	ProjectSection(SolutionItems) = preProject
		community.html = community.html
		community_view.html = community_view.html
		contents_page.html = contents_page.html
		contents_view.html = contents_view.html
		designers_page.html = designers_page.html
		index.html = index.html
		message.html = message.html
		personal_page.html = personal_page.html
	EndProjectSection
EndProject
Global
	GlobalSection(SolutionProperties) = preSolution
		HideSolutionNode = FALSE
	EndGlobalSection
EndGlobal
